<?xml version="1.0" encoding="UTF-8" standalone="yes" ?>
<CodeBlocks_project_file>
	<FileVersion major="1" minor="6" />
	<Project>
		<Option title="OpenCogER" />
		<Option pch_mode="2" />
		<Option compiler="gcc" />
		<Build>
			<Target title="Debug">
				<Option output="bin/Debug/OpenCogER" prefix_auto="1" extension_auto="1" />
				<Option object_output="obj/Debug/" />
				<Option type="1" />
				<Option compiler="gcc" />
				<Compiler>
					<Add option="-g" />
					<Add directory="include" />
				</Compiler>
			</Target>
			<Target title="Release">
				<Option output="bin/Release/OpenCogER" prefix_auto="1" extension_auto="1" />
				<Option object_output="obj/Release/" />
				<Option type="1" />
				<Option compiler="gcc" />
				<Compiler>
					<Add option="-O2" />
					<Add directory="include" />
				</Compiler>
				<Linker>
					<Add option="-s" />
				</Linker>
			</Target>
		</Build>
		<Compiler>
			<Add option="-Wall" />
		</Compiler>
		<Unit filename="include/CamCapture.h" />
		<Unit filename="include/DetectionTrackerBase.h" />
		<Unit filename="include/color2gray.h" />
		<Unit filename="include/faceDetect.h" />
		<Unit filename="include/filterBase.h" />
		<Unit filename="include/histEqualize.h" />
		<Unit filename="include/leftEyeDetect.h" />
		<Unit filename="include/perception.h" />
		<Unit filename="include/rightEyeDetect.h" />
		<Unit filename="include/smileDetect.h" />
		<Unit filename="src/CamCapture.cpp" />
		<Unit filename="src/DetectionTrackerBase.cpp" />
		<Unit filename="src/color2gray.cpp" />
		<Unit filename="src/faceDetect.cpp" />
		<Unit filename="src/filterBase.cpp" />
		<Unit filename="src/histEqualize.cpp" />
		<Unit filename="src/leftEyeDetect.cpp" />
		<Unit filename="src/main.cpp" />
		<Unit filename="src/perception.cpp" />
		<Unit filename="src/rightEyeDetect.cpp" />
		<Unit filename="src/smileDetect.cpp" />
		<Extensions>
			<code_completion />
			<debugger />
		</Extensions>
	</Project>
</CodeBlocks_project_file>
